
Microsoft Visual Studio Solution File, Format Version 12.00
# Visual Studio Version 16
VisualStudioVersion = 16.0.30225.117
MinimumVisualStudioVersion = 10.0.40219.1
Project("{FAE04EC0-301F-11D3-BF4B-00C04F79EFBC}") = "TestProject", "TestProject\TestProject.csproj", "{B2B13991-5680-4DDB-9A07-6BC6CFF07846}"
EndProject
Global
	GlobalSection(SolutionConfigurationPlatforms) = preSolution
		Debug|Any CPU = Debug|Any CPU
		Release|Any CPU = Release|Any CPU
	EndGlobalSection
	GlobalSection(ProjectConfigurationPlatforms) = postSolution
		{B2B13991-5680-4DDB-9A07-6BC6CFF07846}.Debug|Any CPU.ActiveCfg = Debug|Any CPU
		{B2B13991-5680-4DDB-9A07-6BC6CFF07846}.Debug|Any CPU.Build.0 = Debug|Any CPU
		{B2B13991-5680-4DDB-9A07-6BC6CFF07846}.Release|Any CPU.ActiveCfg = Release|Any CPU
		{B2B13991-5680-4DDB-9A07-6BC6CFF07846}.Release|Any CPU.Build.0 = Release|Any CPU
	EndGlobalSection
	GlobalSection(SolutionProperties) = preSolution
		HideSolutionNode = FALSE
	EndGlobalSection
	GlobalSection(ExtensibilityGlobals) = postSolution
		SolutionGuid = {1D08DF32-91F8-4B67-84DB-79F63E5DC221}
	EndGlobalSection
EndGlobal
